// !$*UTF8*$!
{
	archiveVersion = 1;
	classes = {
	};
	objectVersion = 52;
	objects = {

/* Begin PBXBuildFile section */
		4F06DCDF23F9FF9F00C6F131 /* UIImageView+Extensions.swift in Sources */ = {isa = PBXBuildFile; fileRef = 4F06DCDE23F9FF9F00C6F131 /* UIImageView+Extensions.swift */; };
		4F06DCE823FB2F0800C6F131 /* BaseWebService.swift in Sources */ = {isa = PBXBuildFile; fileRef = 4F06DCE723FB2F0800C6F131 /* BaseWebService.swift */; };
		4F06DCEA23FB3EC700C6F131 /* CharactersWebService.swift in Sources */ = {isa = PBXBuildFile; fileRef = 4F06DCE923FB3EC700C6F131 /* CharactersWebService.swift */; };
		4F06DCEC23FC864300C6F131 /* CharacterRepository.swift in Sources */ = {isa = PBXBuildFile; fileRef = 4F06DCEB23FC864300C6F131 /* CharacterRepository.swift */; };
		4F0E737123FF1F3200A33C1C /* CharactersResultsDependencyContainer.swift in Sources */ = {isa = PBXBuildFile; fileRef = 4F0E737023FF1F3200A33C1C /* CharactersResultsDependencyContainer.swift */; };
		4F0E737323FF1F8D00A33C1C /* CharactersResultsViewController.swift in Sources */ = {isa = PBXBuildFile; fileRef = 4F0E737223FF1F8D00A33C1C /* CharactersResultsViewController.swift */; };
		4F0E737523FF1FA100A33C1C /* CharactersResultsViewController.xib in Resources */ = {isa = PBXBuildFile; fileRef = 4F0E737423FF1FA100A33C1C /* CharactersResultsViewController.xib */; };
		4F0E737723FF1FAE00A33C1C /* CharactersResultsViewModel.swift in Sources */ = {isa = PBXBuildFile; fileRef = 4F0E737623FF1FAE00A33C1C /* CharactersResultsViewModel.swift */; };
		4F0E737923FF1FC000A33C1C /* CharactersResultsModel.swift in Sources */ = {isa = PBXBuildFile; fileRef = 4F0E737823FF1FC000A33C1C /* CharactersResultsModel.swift */; };
		4F72437E23F8B9F500E8933E /* CharactersTableView.swift in Sources */ = {isa = PBXBuildFile; fileRef = 4F72437D23F8B9F500E8933E /* CharactersTableView.swift */; };
		4F8FE1A423F83576001E0169 /* BreakingBadCharacter.swift in Sources */ = {isa = PBXBuildFile; fileRef = 4F8FE1A323F83576001E0169 /* BreakingBadCharacter.swift */; };
		4F8FE1AA23F8436A001E0169 /* CharactersListViewController.swift in Sources */ = {isa = PBXBuildFile; fileRef = 4F8FE1A923F8436A001E0169 /* CharactersListViewController.swift */; };
		4F8FE1AC23F84380001E0169 /* CharactersListViewController.xib in Resources */ = {isa = PBXBuildFile; fileRef = 4F8FE1AB23F84380001E0169 /* CharactersListViewController.xib */; };
		4F8FE1AE23F84390001E0169 /* CharactersListViewModel.swift in Sources */ = {isa = PBXBuildFile; fileRef = 4F8FE1AD23F84390001E0169 /* CharactersListViewModel.swift */; };
		4F8FE1B023F843A1001E0169 /* CharactersListModel.swift in Sources */ = {isa = PBXBuildFile; fileRef = 4F8FE1AF23F843A1001E0169 /* CharactersListModel.swift */; };
		4F8FE1B223F843C0001E0169 /* CharactersListDependencyContainer.swift in Sources */ = {isa = PBXBuildFile; fileRef = 4F8FE1B123F843C0001E0169 /* CharactersListDependencyContainer.swift */; };
		4F8FE1B423F84E2B001E0169 /* UIViewController+Extensions.swift in Sources */ = {isa = PBXBuildFile; fileRef = 4F8FE1B323F84E2B001E0169 /* UIViewController+Extensions.swift */; };
		4F8FE1B623F84EDB001E0169 /* BaseNavigationController.swift in Sources */ = {isa = PBXBuildFile; fileRef = 4F8FE1B523F84EDB001E0169 /* BaseNavigationController.swift */; };
		4F8FE1BE23F893A0001E0169 /* Localizable.strings in Resources */ = {isa = PBXBuildFile; fileRef = 4F8FE1BC23F8939F001E0169 /* Localizable.strings */; };
		4F8FE1C423F89C69001E0169 /* ErrorCreator.swift in Sources */ = {isa = PBXBuildFile; fileRef = 4F8FE1C323F89C69001E0169 /* ErrorCreator.swift */; };
		4F8FE1C723F8ADA8001E0169 /* BaseTableView.swift in Sources */ = {isa = PBXBuildFile; fileRef = 4F8FE1C623F8ADA8001E0169 /* BaseTableView.swift */; };
		4F8FE1C923F8ADCA001E0169 /* BaseTableViewCell.swift in Sources */ = {isa = PBXBuildFile; fileRef = 4F8FE1C823F8ADCA001E0169 /* BaseTableViewCell.swift */; };
		4F8FE1CB23F8AE50001E0169 /* CharacterTableViewCell.swift in Sources */ = {isa = PBXBuildFile; fileRef = 4F8FE1CA23F8AE50001E0169 /* CharacterTableViewCell.swift */; };
		4F8FE1CD23F8AE61001E0169 /* CharacterTableViewCell.xib in Resources */ = {isa = PBXBuildFile; fileRef = 4F8FE1CC23F8AE61001E0169 /* CharacterTableViewCell.xib */; };
		4F9C3EBC23F8CAB300F70723 /* UIView+Extensions.swift in Sources */ = {isa = PBXBuildFile; fileRef = 4F9C3EBB23F8CAB300F70723 /* UIView+Extensions.swift */; };
		4F9C3EBF23F8CDE500F70723 /* AlamofireImage in Frameworks */ = {isa = PBXBuildFile; productRef = 4F9C3EBE23F8CDE500F70723 /* AlamofireImage */; };
		4F9C3EC123F8D22900F70723 /* ImageCacheManager.swift in Sources */ = {isa = PBXBuildFile; fileRef = 4F9C3EC023F8D22900F70723 /* ImageCacheManager.swift */; };
		4F9C3EC723F9E56B00F70723 /* CharacterDetailsDependencyContainer.swift in Sources */ = {isa = PBXBuildFile; fileRef = 4F9C3EC623F9E56B00F70723 /* CharacterDetailsDependencyContainer.swift */; };
		4F9C3EC923F9E5B400F70723 /* CharacterDetailsModel.swift in Sources */ = {isa = PBXBuildFile; fileRef = 4F9C3EC823F9E5B400F70723 /* CharacterDetailsModel.swift */; };
		4F9C3ECB23F9E5E000F70723 /* CharacterDetailsViewController.swift in Sources */ = {isa = PBXBuildFile; fileRef = 4F9C3ECA23F9E5E000F70723 /* CharacterDetailsViewController.swift */; };
		4F9C3ECD23F9E5F500F70723 /* CharacterDetailsViewController.xib in Resources */ = {isa = PBXBuildFile; fileRef = 4F9C3ECC23F9E5F500F70723 /* CharacterDetailsViewController.xib */; };
		4F9C3ECF23F9E60A00F70723 /* CharacterDetailsViewModel.swift in Sources */ = {isa = PBXBuildFile; fileRef = 4F9C3ECE23F9E60A00F70723 /* CharacterDetailsViewModel.swift */; };
		4FAC0A7D23F7F48600B1FB76 /* Assets.xcassets in Resources */ = {isa = PBXBuildFile; fileRef = 4FAC0A7C23F7F48600B1FB76 /* Assets.xcassets */; };
		4FAC0A9B23F7FA8600B1FB76 /* AppDelegate.swift in Sources */ = {isa = PBXBuildFile; fileRef = 4FAC0A8C23F7FA8500B1FB76 /* AppDelegate.swift */; };
		4FAC0AA023F7FF7A00B1FB76 /* RootViewController.swift in Sources */ = {isa = PBXBuildFile; fileRef = 4FAC0A9F23F7FF7A00B1FB76 /* RootViewController.swift */; };
		4FAC0AA623F7FFC600B1FB76 /* RootDependencyContainer.swift in Sources */ = {isa = PBXBuildFile; fileRef = 4FAC0AA523F7FFC600B1FB76 /* RootDependencyContainer.swift */; };
		4FAC0AA923F8001600B1FB76 /* SimpleLogger in Frameworks */ = {isa = PBXBuildFile; productRef = 4FAC0AA823F8001600B1FB76 /* SimpleLogger */; };
		4FAC0AAB23F8010B00B1FB76 /* RootViewController.xib in Resources */ = {isa = PBXBuildFile; fileRef = 4FAC0AAA23F8010B00B1FB76 /* RootViewController.xib */; };
		4FAC0AAD23F80B4200B1FB76 /* BaseViewController.swift in Sources */ = {isa = PBXBuildFile; fileRef = 4FAC0AAC23F80B4200B1FB76 /* BaseViewController.swift */; };
		4FAC0AAE23F80C8B00B1FB76 /* LaunchScreen.storyboard in Resources */ = {isa = PBXBuildFile; fileRef = 4FAC0AB023F80C8B00B1FB76 /* LaunchScreen.storyboard */; };
		4FAC0AB223F80D3F00B1FB76 /* AppConstants.swift in Sources */ = {isa = PBXBuildFile; fileRef = 4FAC0AB123F80D3F00B1FB76 /* AppConstants.swift */; };
/* End PBXBuildFile section */

/* Begin PBXFileReference section */
		4F06DCDE23F9FF9F00C6F131 /* UIImageView+Extensions.swift */ = {isa = PBXFileReference; lastKnownFileType = sourcecode.swift; path = "UIImageView+Extensions.swift"; sourceTree = "<group>"; };
		4F06DCE723FB2F0800C6F131 /* BaseWebService.swift */ = {isa = PBXFileReference; lastKnownFileType = sourcecode.swift; path = BaseWebService.swift; sourceTree = "<group>"; };
		4F06DCE923FB3EC700C6F131 /* CharactersWebService.swift */ = {isa = PBXFileReference; lastKnownFileType = sourcecode.swift; path = CharactersWebService.swift; sourceTree = "<group>"; };
		4F06DCEB23FC864300C6F131 /* CharacterRepository.swift */ = {isa = PBXFileReference; lastKnownFileType = sourcecode.swift; path = CharacterRepository.swift; sourceTree = "<group>"; };
		4F0E737023FF1F3200A33C1C /* CharactersResultsDependencyContainer.swift */ = {isa = PBXFileReference; lastKnownFileType = sourcecode.swift; path = CharactersResultsDependencyContainer.swift; sourceTree = "<group>"; };
		4F0E737223FF1F8D00A33C1C /* CharactersResultsViewController.swift */ = {isa = PBXFileReference; lastKnownFileType = sourcecode.swift; path = CharactersResultsViewController.swift; sourceTree = "<group>"; };
		4F0E737423FF1FA100A33C1C /* CharactersResultsViewController.xib */ = {isa = PBXFileReference; lastKnownFileType = file.xib; path = CharactersResultsViewController.xib; sourceTree = "<group>"; };
		4F0E737623FF1FAE00A33C1C /* CharactersResultsViewModel.swift */ = {isa = PBXFileReference; lastKnownFileType = sourcecode.swift; path = CharactersResultsViewModel.swift; sourceTree = "<group>"; };
		4F0E737823FF1FC000A33C1C /* CharactersResultsModel.swift */ = {isa = PBXFileReference; lastKnownFileType = sourcecode.swift; path = CharactersResultsModel.swift; sourceTree = "<group>"; };
		4F72437D23F8B9F500E8933E /* CharactersTableView.swift */ = {isa = PBXFileReference; lastKnownFileType = sourcecode.swift; path = CharactersTableView.swift; sourceTree = "<group>"; };
		4F8FE1A323F83576001E0169 /* BreakingBadCharacter.swift */ = {isa = PBXFileReference; lastKnownFileType = sourcecode.swift; path = BreakingBadCharacter.swift; sourceTree = "<group>"; };
		4F8FE1A923F8436A001E0169 /* CharactersListViewController.swift */ = {isa = PBXFileReference; lastKnownFileType = sourcecode.swift; path = CharactersListViewController.swift; sourceTree = "<group>"; };
		4F8FE1AB23F84380001E0169 /* CharactersListViewController.xib */ = {isa = PBXFileReference; lastKnownFileType = file.xib; path = CharactersListViewController.xib; sourceTree = "<group>"; };
		4F8FE1AD23F84390001E0169 /* CharactersListViewModel.swift */ = {isa = PBXFileReference; lastKnownFileType = sourcecode.swift; path = CharactersListViewModel.swift; sourceTree = "<group>"; };
		4F8FE1AF23F843A1001E0169 /* CharactersListModel.swift */ = {isa = PBXFileReference; lastKnownFileType = sourcecode.swift; path = CharactersListModel.swift; sourceTree = "<group>"; };
		4F8FE1B123F843C0001E0169 /* CharactersListDependencyContainer.swift */ = {isa = PBXFileReference; lastKnownFileType = sourcecode.swift; path = CharactersListDependencyContainer.swift; sourceTree = "<group>"; };
		4F8FE1B323F84E2B001E0169 /* UIViewController+Extensions.swift */ = {isa = PBXFileReference; lastKnownFileType = sourcecode.swift; path = "UIViewController+Extensions.swift"; sourceTree = "<group>"; };
		4F8FE1B523F84EDB001E0169 /* BaseNavigationController.swift */ = {isa = PBXFileReference; lastKnownFileType = sourcecode.swift; path = BaseNavigationController.swift; sourceTree = "<group>"; };
		4F8FE1BD23F8939F001E0169 /* en */ = {isa = PBXFileReference; lastKnownFileType = text.plist.strings; name = en; path = en.lproj/Localizable.strings; sourceTree = "<group>"; };
		4F8FE1C323F89C69001E0169 /* ErrorCreator.swift */ = {isa = PBXFileReference; lastKnownFileType = sourcecode.swift; path = ErrorCreator.swift; sourceTree = "<group>"; };
		4F8FE1C623F8ADA8001E0169 /* BaseTableView.swift */ = {isa = PBXFileReference; lastKnownFileType = sourcecode.swift; path = BaseTableView.swift; sourceTree = "<group>"; };
		4F8FE1C823F8ADCA001E0169 /* BaseTableViewCell.swift */ = {isa = PBXFileReference; lastKnownFileType = sourcecode.swift; path = BaseTableViewCell.swift; sourceTree = "<group>"; };
		4F8FE1CA23F8AE50001E0169 /* CharacterTableViewCell.swift */ = {isa = PBXFileReference; lastKnownFileType = sourcecode.swift; path = CharacterTableViewCell.swift; sourceTree = "<group>"; };
		4F8FE1CC23F8AE61001E0169 /* CharacterTableViewCell.xib */ = {isa = PBXFileReference; lastKnownFileType = file.xib; path = CharacterTableViewCell.xib; sourceTree = "<group>"; };
		4F9C3EBB23F8CAB300F70723 /* UIView+Extensions.swift */ = {isa = PBXFileReference; lastKnownFileType = sourcecode.swift; path = "UIView+Extensions.swift"; sourceTree = "<group>"; };
		4F9C3EC023F8D22900F70723 /* ImageCacheManager.swift */ = {isa = PBXFileReference; lastKnownFileType = sourcecode.swift; path = ImageCacheManager.swift; sourceTree = "<group>"; };
		4F9C3EC623F9E56B00F70723 /* CharacterDetailsDependencyContainer.swift */ = {isa = PBXFileReference; lastKnownFileType = sourcecode.swift; path = CharacterDetailsDependencyContainer.swift; sourceTree = "<group>"; };
		4F9C3EC823F9E5B400F70723 /* CharacterDetailsModel.swift */ = {isa = PBXFileReference; lastKnownFileType = sourcecode.swift; path = CharacterDetailsModel.swift; sourceTree = "<group>"; };
		4F9C3ECA23F9E5E000F70723 /* CharacterDetailsViewController.swift */ = {isa = PBXFileReference; lastKnownFileType = sourcecode.swift; path = CharacterDetailsViewController.swift; sourceTree = "<group>"; };
		4F9C3ECC23F9E5F500F70723 /* CharacterDetailsViewController.xib */ = {isa = PBXFileReference; lastKnownFileType = file.xib; path = CharacterDetailsViewController.xib; sourceTree = "<group>"; };
		4F9C3ECE23F9E60A00F70723 /* CharacterDetailsViewModel.swift */ = {isa = PBXFileReference; lastKnownFileType = sourcecode.swift; path = CharacterDetailsViewModel.swift; sourceTree = "<group>"; };
		4FAC0A7023F7F48200B1FB76 /* CharacterXplorer.app */ = {isa = PBXFileReference; explicitFileType = wrapper.application; includeInIndex = 0; path = CharacterXplorer.app; sourceTree = BUILT_PRODUCTS_DIR; };
		4FAC0A7C23F7F48600B1FB76 /* Assets.xcassets */ = {isa = PBXFileReference; lastKnownFileType = folder.assetcatalog; path = Assets.xcassets; sourceTree = "<group>"; };
		4FAC0A8C23F7FA8500B1FB76 /* AppDelegate.swift */ = {isa = PBXFileReference; fileEncoding = 4; lastKnownFileType = sourcecode.swift; path = AppDelegate.swift; sourceTree = "<group>"; };
		4FAC0A9A23F7FA8500B1FB76 /* Info.plist */ = {isa = PBXFileReference; fileEncoding = 4; lastKnownFileType = text.plist.xml; path = Info.plist; sourceTree = "<group>"; };
		4FAC0A9F23F7FF7A00B1FB76 /* RootViewController.swift */ = {isa = PBXFileReference; lastKnownFileType = sourcecode.swift; path = RootViewController.swift; sourceTree = "<group>"; };
		4FAC0AA523F7FFC600B1FB76 /* RootDependencyContainer.swift */ = {isa = PBXFileReference; lastKnownFileType = sourcecode.swift; path = RootDependencyContainer.swift; sourceTree = "<group>"; };
		4FAC0AAA23F8010B00B1FB76 /* RootViewController.xib */ = {isa = PBXFileReference; lastKnownFileType = file.xib; path = RootViewController.xib; sourceTree = "<group>"; };
		4FAC0AAC23F80B4200B1FB76 /* BaseViewController.swift */ = {isa = PBXFileReference; fileEncoding = 4; lastKnownFileType = sourcecode.swift; path = BaseViewController.swift; sourceTree = "<group>"; };
		4FAC0AAF23F80C8B00B1FB76 /* en */ = {isa = PBXFileReference; lastKnownFileType = file.storyboard; name = en; path = en.lproj/LaunchScreen.storyboard; sourceTree = "<group>"; };
		4FAC0AB123F80D3F00B1FB76 /* AppConstants.swift */ = {isa = PBXFileReference; lastKnownFileType = sourcecode.swift; path = AppConstants.swift; sourceTree = "<group>"; };
/* End PBXFileReference section */

/* Begin PBXFrameworksBuildPhase section */
		4FAC0A6D23F7F48200B1FB76 /* Frameworks */ = {
			isa = PBXFrameworksBuildPhase;
			buildActionMask = 2147483647;
			files = (
				4FAC0AA923F8001600B1FB76 /* SimpleLogger in Frameworks */,
				4F9C3EBF23F8CDE500F70723 /* AlamofireImage in Frameworks */,
			);
			runOnlyForDeploymentPostprocessing = 0;
		};
/* End PBXFrameworksBuildPhase section */

/* Begin PBXGroup section */
		4F06DCE523FB2EE000C6F131 /* Networking */ = {
			isa = PBXGroup;
			children = (
				4F06DCE623FB2EF200C6F131 /* _baseClass */,
				4F06DCE923FB3EC700C6F131 /* CharactersWebService.swift */,
			);
			path = Networking;
			sourceTree = "<group>";
		};
		4F06DCE623FB2EF200C6F131 /* _baseClass */ = {
			isa = PBXGroup;
			children = (
				4F06DCE723FB2F0800C6F131 /* BaseWebService.swift */,
			);
			path = _baseClass;
			sourceTree = "<group>";
		};
		4F0E736C23FF1EDE00A33C1C /* CharactersResults */ = {
			isa = PBXGroup;
			children = (
				4F0E737023FF1F3200A33C1C /* CharactersResultsDependencyContainer.swift */,
				4F0E736D23FF1EED00A33C1C /* Model */,
				4F0E736E23FF1EF800A33C1C /* View */,
				4F0E736F23FF1EFE00A33C1C /* ViewModel */,
			);
			path = CharactersResults;
			sourceTree = "<group>";
		};
		4F0E736D23FF1EED00A33C1C /* Model */ = {
			isa = PBXGroup;
			children = (
				4F0E737823FF1FC000A33C1C /* CharactersResultsModel.swift */,
			);
			path = Model;
			sourceTree = "<group>";
		};
		4F0E736E23FF1EF800A33C1C /* View */ = {
			isa = PBXGroup;
			children = (
				4F0E737223FF1F8D00A33C1C /* CharactersResultsViewController.swift */,
				4F0E737423FF1FA100A33C1C /* CharactersResultsViewController.xib */,
			);
			path = View;
			sourceTree = "<group>";
		};
		4F0E736F23FF1EFE00A33C1C /* ViewModel */ = {
			isa = PBXGroup;
			children = (
				4F0E737623FF1FAE00A33C1C /* CharactersResultsViewModel.swift */,
			);
			path = ViewModel;
			sourceTree = "<group>";
		};
		4F8FE1A523F842E6001E0169 /* CharactersList */ = {
			isa = PBXGroup;
			children = (
				4F8FE1B123F843C0001E0169 /* CharactersListDependencyContainer.swift */,
				4F8FE1A623F842F8001E0169 /* Model */,
				4F8FE1A723F84300001E0169 /* View */,
				4F8FE1A823F84305001E0169 /* ViewModel */,
			);
			path = CharactersList;
			sourceTree = "<group>";
		};
		4F8FE1A623F842F8001E0169 /* Model */ = {
			isa = PBXGroup;
			children = (
				4F8FE1AF23F843A1001E0169 /* CharactersListModel.swift */,
			);
			path = Model;
			sourceTree = "<group>";
		};
		4F8FE1A723F84300001E0169 /* View */ = {
			isa = PBXGroup;
			children = (
				4F8FE1C523F8AD7F001E0169 /* _customUI */,
				4F8FE1A923F8436A001E0169 /* CharactersListViewController.swift */,
				4F8FE1AB23F84380001E0169 /* CharactersListViewController.xib */,
			);
			path = View;
			sourceTree = "<group>";
		};
		4F8FE1A823F84305001E0169 /* ViewModel */ = {
			isa = PBXGroup;
			children = (
				4F8FE1AD23F84390001E0169 /* CharactersListViewModel.swift */,
			);
			path = ViewModel;
			sourceTree = "<group>";
		};
		4F8FE1BB23F8939F001E0169 /* resources */ = {
			isa = PBXGroup;
			children = (
				4F8FE1BC23F8939F001E0169 /* Localizable.strings */,
			);
			path = resources;
			sourceTree = "<group>";
		};
		4F8FE1C523F8AD7F001E0169 /* _customUI */ = {
			isa = PBXGroup;
			children = (
				4F72437D23F8B9F500E8933E /* CharactersTableView.swift */,
				4F8FE1CA23F8AE50001E0169 /* CharacterTableViewCell.swift */,
				4F8FE1CC23F8AE61001E0169 /* CharacterTableViewCell.xib */,
			);
			path = _customUI;
			sourceTree = "<group>";
		};
		4F9C3EC223F9E51900F70723 /* CharacterDetails */ = {
			isa = PBXGroup;
			children = (
				4F9C3EC623F9E56B00F70723 /* CharacterDetailsDependencyContainer.swift */,
				4F9C3EC323F9E53100F70723 /* Model */,
				4F9C3EC423F9E53800F70723 /* View */,
				4F9C3EC523F9E53E00F70723 /* ViewModel */,
			);
			path = CharacterDetails;
			sourceTree = "<group>";
		};
		4F9C3EC323F9E53100F70723 /* Model */ = {
			isa = PBXGroup;
			children = (
				4F9C3EC823F9E5B400F70723 /* CharacterDetailsModel.swift */,
			);
			path = Model;
			sourceTree = "<group>";
		};
		4F9C3EC423F9E53800F70723 /* View */ = {
			isa = PBXGroup;
			children = (
				4F9C3ECA23F9E5E000F70723 /* CharacterDetailsViewController.swift */,
				4F9C3ECC23F9E5F500F70723 /* CharacterDetailsViewController.xib */,
			);
			path = View;
			sourceTree = "<group>";
		};
		4F9C3EC523F9E53E00F70723 /* ViewModel */ = {
			isa = PBXGroup;
			children = (
				4F9C3ECE23F9E60A00F70723 /* CharacterDetailsViewModel.swift */,
			);
			path = ViewModel;
			sourceTree = "<group>";
		};
		4FAC0A6723F7F48200B1FB76 = {
			isa = PBXGroup;
			children = (
				4FAC0A7223F7F48200B1FB76 /* CharacterXplorer */,
				4FAC0A7123F7F48200B1FB76 /* Products */,
			);
			sourceTree = "<group>";
		};
		4FAC0A7123F7F48200B1FB76 /* Products */ = {
			isa = PBXGroup;
			children = (
				4FAC0A7023F7F48200B1FB76 /* CharacterXplorer.app */,
			);
			name = Products;
			sourceTree = "<group>";
		};
		4FAC0A7223F7F48200B1FB76 /* CharacterXplorer */ = {
			isa = PBXGroup;
			children = (
				4F8FE1BB23F8939F001E0169 /* resources */,
				4FAC0A8823F7FA8500B1FB76 /* source */,
				4FAC0A7C23F7F48600B1FB76 /* Assets.xcassets */,
			);
			path = CharacterXplorer;
			sourceTree = "<group>";
		};
		4FAC0A8823F7FA8500B1FB76 /* source */ = {
			isa = PBXGroup;
			children = (
				4FAC0A8C23F7FA8500B1FB76 /* AppDelegate.swift */,
				4FAC0A8D23F7FA8500B1FB76 /* DataLayer */,
				4F06DCE523FB2EE000C6F131 /* Networking */,
				4FAC0A8A23F7FA8500B1FB76 /* Extensions */,
				4FAC0A8923F7FA8500B1FB76 /* Managers */,
				4FAC0A9823F7FA8500B1FB76 /* SupportFiles */,
				4FAC0A9223F7FA8500B1FB76 /* UILayer */,
				4FAC0A8B23F7FA8500B1FB76 /* Utilities */,
			);
			path = source;
			sourceTree = "<group>";
		};
		4FAC0A8923F7FA8500B1FB76 /* Managers */ = {
			isa = PBXGroup;
			children = (
				4F9C3EC023F8D22900F70723 /* ImageCacheManager.swift */,
			);
			path = Managers;
			sourceTree = "<group>";
		};
		4FAC0A8A23F7FA8500B1FB76 /* Extensions */ = {
			isa = PBXGroup;
			children = (
				4F8FE1B323F84E2B001E0169 /* UIViewController+Extensions.swift */,
				4F9C3EBB23F8CAB300F70723 /* UIView+Extensions.swift */,
				4F06DCDE23F9FF9F00C6F131 /* UIImageView+Extensions.swift */,
			);
			path = Extensions;
			sourceTree = "<group>";
		};
		4FAC0A8B23F7FA8500B1FB76 /* Utilities */ = {
			isa = PBXGroup;
			children = (
				4FAC0AB123F80D3F00B1FB76 /* AppConstants.swift */,
				4F8FE1C323F89C69001E0169 /* ErrorCreator.swift */,
			);
			path = Utilities;
			sourceTree = "<group>";
		};
		4FAC0A8D23F7FA8500B1FB76 /* DataLayer */ = {
			isa = PBXGroup;
			children = (
				4FAC0A8E23F7FA8500B1FB76 /* Repository */,
				4FAC0A9123F7FA8500B1FB76 /* Model */,
			);
			path = DataLayer;
			sourceTree = "<group>";
		};
		4FAC0A8E23F7FA8500B1FB76 /* Repository */ = {
			isa = PBXGroup;
			children = (
				4F06DCEB23FC864300C6F131 /* CharacterRepository.swift */,
			);
			path = Repository;
			sourceTree = "<group>";
		};
		4FAC0A9123F7FA8500B1FB76 /* Model */ = {
			isa = PBXGroup;
			children = (
				4F8FE1A323F83576001E0169 /* BreakingBadCharacter.swift */,
			);
			path = Model;
			sourceTree = "<group>";
		};
		4FAC0A9223F7FA8500B1FB76 /* UILayer */ = {
			isa = PBXGroup;
			children = (
				4FAC0A9723F7FA8500B1FB76 /* _UIBaseClasses */,
				4FAC0A9323F7FA8500B1FB76 /* Screens */,
			);
			path = UILayer;
			sourceTree = "<group>";
		};
		4FAC0A9323F7FA8500B1FB76 /* Screens */ = {
			isa = PBXGroup;
			children = (
				4F0E736C23FF1EDE00A33C1C /* CharactersResults */,
				4F9C3EC223F9E51900F70723 /* CharacterDetails */,
				4F8FE1A523F842E6001E0169 /* CharactersList */,
				4FAC0A9423F7FA8500B1FB76 /* Root */,
			);
			path = Screens;
			sourceTree = "<group>";
		};
		4FAC0A9423F7FA8500B1FB76 /* Root */ = {
			isa = PBXGroup;
			children = (
				4FAC0AA523F7FFC600B1FB76 /* RootDependencyContainer.swift */,
				4FAC0A9623F7FA8500B1FB76 /* View */,
			);
			path = Root;
			sourceTree = "<group>";
		};
		4FAC0A9623F7FA8500B1FB76 /* View */ = {
			isa = PBXGroup;
			children = (
				4FAC0A9F23F7FF7A00B1FB76 /* RootViewController.swift */,
				4FAC0AAA23F8010B00B1FB76 /* RootViewController.xib */,
			);
			path = View;
			sourceTree = "<group>";
		};
		4FAC0A9723F7FA8500B1FB76 /* _UIBaseClasses */ = {
			isa = PBXGroup;
			children = (
				4FAC0AAC23F80B4200B1FB76 /* BaseViewController.swift */,
				4F8FE1B523F84EDB001E0169 /* BaseNavigationController.swift */,
				4F8FE1C623F8ADA8001E0169 /* BaseTableView.swift */,
				4F8FE1C823F8ADCA001E0169 /* BaseTableViewCell.swift */,
			);
			path = _UIBaseClasses;
			sourceTree = "<group>";
		};
		4FAC0A9823F7FA8500B1FB76 /* SupportFiles */ = {
			isa = PBXGroup;
			children = (
				4FAC0AB023F80C8B00B1FB76 /* LaunchScreen.storyboard */,
				4FAC0A9A23F7FA8500B1FB76 /* Info.plist */,
			);
			path = SupportFiles;
			sourceTree = "<group>";
		};
/* End PBXGroup section */

/* Begin PBXNativeTarget section */
		4FAC0A6F23F7F48200B1FB76 /* CharacterXplorer */ = {
			isa = PBXNativeTarget;
			buildConfigurationList = 4FAC0A8423F7F48700B1FB76 /* Build configuration list for PBXNativeTarget "CharacterXplorer" */;
			buildPhases = (
				4FAC0A6C23F7F48200B1FB76 /* Sources */,
				4FAC0A6D23F7F48200B1FB76 /* Frameworks */,
				4FAC0A6E23F7F48200B1FB76 /* Resources */,
				4FAC0A8723F7F5A400B1FB76 /* ShellScript */,
			);
			buildRules = (
			);
			dependencies = (
			);
			name = CharacterXplorer;
			packageProductDependencies = (
				4FAC0AA823F8001600B1FB76 /* SimpleLogger */,
				4F9C3EBE23F8CDE500F70723 /* AlamofireImage */,
			);
			productName = CharacterXplorer;
			productReference = 4FAC0A7023F7F48200B1FB76 /* CharacterXplorer.app */;
			productType = "com.apple.product-type.application";
		};
/* End PBXNativeTarget section */

/* Begin PBXProject section */
		4FAC0A6823F7F48200B1FB76 /* Project object */ = {
			isa = PBXProject;
			attributes = {
				LastSwiftUpdateCheck = 1130;
				LastUpgradeCheck = 1130;
				ORGANIZATIONNAME = "boyankov@yahoo.com";
				TargetAttributes = {
					4FAC0A6F23F7F48200B1FB76 = {
						CreatedOnToolsVersion = 11.3.1;
					};
				};
			};
			buildConfigurationList = 4FAC0A6B23F7F48200B1FB76 /* Build configuration list for PBXProject "CharacterXplorer" */;
			compatibilityVersion = "Xcode 9.3";
			developmentRegion = en;
			hasScannedForEncodings = 0;
			knownRegions = (
				en,
				Base,
			);
			mainGroup = 4FAC0A6723F7F48200B1FB76;
			packageReferences = (
				4FAC0AA723F8001600B1FB76 /* XCRemoteSwiftPackageReference "SimpleLogger" */,
				4F9C3EBD23F8CDE500F70723 /* XCRemoteSwiftPackageReference "AlamofireImage" */,
			);
			productRefGroup = 4FAC0A7123F7F48200B1FB76 /* Products */;
			projectDirPath = "";
			projectRoot = "";
			targets = (
				4FAC0A6F23F7F48200B1FB76 /* CharacterXplorer */,
			);
		};
/* End PBXProject section */

/* Begin PBXResourcesBuildPhase section */
		4FAC0A6E23F7F48200B1FB76 /* Resources */ = {
			isa = PBXResourcesBuildPhase;
			buildActionMask = 2147483647;
			files = (
				4F8FE1BE23F893A0001E0169 /* Localizable.strings in Resources */,
				4F9C3ECD23F9E5F500F70723 /* CharacterDetailsViewController.xib in Resources */,
				4F8FE1AC23F84380001E0169 /* CharactersListViewController.xib in Resources */,
				4FAC0A7D23F7F48600B1FB76 /* Assets.xcassets in Resources */,
				4FAC0AAE23F80C8B00B1FB76 /* LaunchScreen.storyboard in Resources */,
				4F0E737523FF1FA100A33C1C /* CharactersResultsViewController.xib in Resources */,
				4F8FE1CD23F8AE61001E0169 /* CharacterTableViewCell.xib in Resources */,
				4FAC0AAB23F8010B00B1FB76 /* RootViewController.xib in Resources */,
			);
			runOnlyForDeploymentPostprocessing = 0;
		};
/* End PBXResourcesBuildPhase section */

/* Begin PBXShellScriptBuildPhase section */
		4FAC0A8723F7F5A400B1FB76 /* ShellScript */ = {
			isa = PBXShellScriptBuildPhase;
			buildActionMask = 2147483647;
			files = (
			);
			inputFileListPaths = (
			);
			inputPaths = (
			);
			outputFileListPaths = (
			);
			outputPaths = (
			);
			runOnlyForDeploymentPostprocessing = 0;
			shellPath = /bin/sh;
			shellScript = "#!/bin/zsh\nbuildNumber=$(/usr/libexec/PlistBuddy -c \"Print CFBundleVersion\" \"${PROJECT_DIR}/${INFOPLIST_FILE}\")\nbuildNumber=$(($buildNumber + 1))\n/usr/libexec/PlistBuddy -c \"Set :CFBundleVersion $buildNumber\" \"${PROJECT_DIR}/${INFOPLIST_FILE}\"\n";
		};
/* End PBXShellScriptBuildPhase section */

/* Begin PBXSourcesBuildPhase section */
		4FAC0A6C23F7F48200B1FB76 /* Sources */ = {
			isa = PBXSourcesBuildPhase;
			buildActionMask = 2147483647;
			files = (
				4FAC0AA023F7FF7A00B1FB76 /* RootViewController.swift in Sources */,
				4F8FE1B423F84E2B001E0169 /* UIViewController+Extensions.swift in Sources */,
				4F06DCEC23FC864300C6F131 /* CharacterRepository.swift in Sources */,
				4F8FE1AA23F8436A001E0169 /* CharactersListViewController.swift in Sources */,
				4F06DCE823FB2F0800C6F131 /* BaseWebService.swift in Sources */,
				4F0E737123FF1F3200A33C1C /* CharactersResultsDependencyContainer.swift in Sources */,
				4F8FE1B223F843C0001E0169 /* CharactersListDependencyContainer.swift in Sources */,
				4F8FE1AE23F84390001E0169 /* CharactersListViewModel.swift in Sources */,
				4F06DCEA23FB3EC700C6F131 /* CharactersWebService.swift in Sources */,
				4F8FE1B023F843A1001E0169 /* CharactersListModel.swift in Sources */,
				4F06DCDF23F9FF9F00C6F131 /* UIImageView+Extensions.swift in Sources */,
				4F9C3ECF23F9E60A00F70723 /* CharacterDetailsViewModel.swift in Sources */,
				4F8FE1B623F84EDB001E0169 /* BaseNavigationController.swift in Sources */,
				4F8FE1CB23F8AE50001E0169 /* CharacterTableViewCell.swift in Sources */,
				4F9C3EC723F9E56B00F70723 /* CharacterDetailsDependencyContainer.swift in Sources */,
				4FAC0AA623F7FFC600B1FB76 /* RootDependencyContainer.swift in Sources */,
				4F8FE1C723F8ADA8001E0169 /* BaseTableView.swift in Sources */,
				4F8FE1A423F83576001E0169 /* BreakingBadCharacter.swift in Sources */,
				4FAC0AB223F80D3F00B1FB76 /* AppConstants.swift in Sources */,
				4F9C3EBC23F8CAB300F70723 /* UIView+Extensions.swift in Sources */,
				4FAC0A9B23F7FA8600B1FB76 /* AppDelegate.swift in Sources */,
				4F9C3ECB23F9E5E000F70723 /* CharacterDetailsViewController.swift in Sources */,
				4F9C3EC923F9E5B400F70723 /* CharacterDetailsModel.swift in Sources */,
				4F9C3EC123F8D22900F70723 /* ImageCacheManager.swift in Sources */,
				4F8FE1C423F89C69001E0169 /* ErrorCreator.swift in Sources */,
				4F8FE1C923F8ADCA001E0169 /* BaseTableViewCell.swift in Sources */,
				4F72437E23F8B9F500E8933E /* CharactersTableView.swift in Sources */,
				4F0E737923FF1FC000A33C1C /* CharactersResultsModel.swift in Sources */,
				4FAC0AAD23F80B4200B1FB76 /* BaseViewController.swift in Sources */,
				4F0E737323FF1F8D00A33C1C /* CharactersResultsViewController.swift in Sources */,
				4F0E737723FF1FAE00A33C1C /* CharactersResultsViewModel.swift in Sources */,
			);
			runOnlyForDeploymentPostprocessing = 0;
		};
/* End PBXSourcesBuildPhase section */

/* Begin PBXVariantGroup section */
		4F8FE1BC23F8939F001E0169 /* Localizable.strings */ = {
			isa = PBXVariantGroup;
			children = (
				4F8FE1BD23F8939F001E0169 /* en */,
			);
			name = Localizable.strings;
			sourceTree = "<group>";
		};
		4FAC0AB023F80C8B00B1FB76 /* LaunchScreen.storyboard */ = {
			isa = PBXVariantGroup;
			children = (
				4FAC0AAF23F80C8B00B1FB76 /* en */,
			);
			name = LaunchScreen.storyboard;
			sourceTree = "<group>";
		};
/* End PBXVariantGroup section */

/* Begin XCBuildConfiguration section */
		4FAC0A8223F7F48700B1FB76 /* Debug */ = {
			isa = XCBuildConfiguration;
			buildSettings = {
				ALWAYS_SEARCH_USER_PATHS = NO;
				CLANG_ANALYZER_NONNULL = YES;
				CLANG_ANALYZER_NUMBER_OBJECT_CONVERSION = YES_AGGRESSIVE;
				CLANG_CXX_LANGUAGE_STANDARD = "gnu++14";
				CLANG_CXX_LIBRARY = "libc++";
				CLANG_ENABLE_MODULES = YES;
				CLANG_ENABLE_OBJC_ARC = YES;
				CLANG_ENABLE_OBJC_WEAK = YES;
				CLANG_WARN_BLOCK_CAPTURE_AUTORELEASING = YES;
				CLANG_WARN_BOOL_CONVERSION = YES;
				CLANG_WARN_COMMA = YES;
				CLANG_WARN_CONSTANT_CONVERSION = YES;
				CLANG_WARN_DEPRECATED_OBJC_IMPLEMENTATIONS = YES;
				CLANG_WARN_DIRECT_OBJC_ISA_USAGE = YES_ERROR;
				CLANG_WARN_DOCUMENTATION_COMMENTS = YES;
				CLANG_WARN_EMPTY_BODY = YES;
				CLANG_WARN_ENUM_CONVERSION = YES;
				CLANG_WARN_INFINITE_RECURSION = YES;
				CLANG_WARN_INT_CONVERSION = YES;
				CLANG_WARN_NON_LITERAL_NULL_CONVERSION = YES;
				CLANG_WARN_OBJC_IMPLICIT_RETAIN_SELF = YES;
				CLANG_WARN_OBJC_LITERAL_CONVERSION = YES;
				CLANG_WARN_OBJC_ROOT_CLASS = YES_ERROR;
				CLANG_WARN_RANGE_LOOP_ANALYSIS = YES;
				CLANG_WARN_STRICT_PROTOTYPES = YES;
				CLANG_WARN_SUSPICIOUS_MOVE = YES;
				CLANG_WARN_UNGUARDED_AVAILABILITY = YES_AGGRESSIVE;
				CLANG_WARN_UNREACHABLE_CODE = YES;
				CLANG_WARN__DUPLICATE_METHOD_MATCH = YES;
				COPY_PHASE_STRIP = NO;
				DEBUG_INFORMATION_FORMAT = dwarf;
				ENABLE_STRICT_OBJC_MSGSEND = YES;
				ENABLE_TESTABILITY = YES;
				GCC_C_LANGUAGE_STANDARD = gnu11;
				GCC_DYNAMIC_NO_PIC = NO;
				GCC_NO_COMMON_BLOCKS = YES;
				GCC_OPTIMIZATION_LEVEL = 0;
				GCC_PREPROCESSOR_DEFINITIONS = (
					"DEBUG=1",
					"$(inherited)",
				);
				GCC_WARN_64_TO_32_BIT_CONVERSION = YES;
				GCC_WARN_ABOUT_RETURN_TYPE = YES_ERROR;
				GCC_WARN_UNDECLARED_SELECTOR = YES;
				GCC_WARN_UNINITIALIZED_AUTOS = YES_AGGRESSIVE;
				GCC_WARN_UNUSED_FUNCTION = YES;
				GCC_WARN_UNUSED_VARIABLE = YES;
				IPHONEOS_DEPLOYMENT_TARGET = 13.0;
				MTL_ENABLE_DEBUG_INFO = INCLUDE_SOURCE;
				MTL_FAST_MATH = YES;
				ONLY_ACTIVE_ARCH = YES;
				SDKROOT = iphoneos;
				SWIFT_ACTIVE_COMPILATION_CONDITIONS = DEBUG;
				SWIFT_OPTIMIZATION_LEVEL = "-Onone";
			};
			name = Debug;
		};
		4FAC0A8323F7F48700B1FB76 /* Release */ = {
			isa = XCBuildConfiguration;
			buildSettings = {
				ALWAYS_SEARCH_USER_PATHS = NO;
				CLANG_ANALYZER_NONNULL = YES;
				CLANG_ANALYZER_NUMBER_OBJECT_CONVERSION = YES_AGGRESSIVE;
				CLANG_CXX_LANGUAGE_STANDARD = "gnu++14";
				CLANG_CXX_LIBRARY = "libc++";
				CLANG_ENABLE_MODULES = YES;
				CLANG_ENABLE_OBJC_ARC = YES;
				CLANG_ENABLE_OBJC_WEAK = YES;
				CLANG_WARN_BLOCK_CAPTURE_AUTORELEASING = YES;
				CLANG_WARN_BOOL_CONVERSION = YES;
				CLANG_WARN_COMMA = YES;
				CLANG_WARN_CONSTANT_CONVERSION = YES;
				CLANG_WARN_DEPRECATED_OBJC_IMPLEMENTATIONS = YES;
				CLANG_WARN_DIRECT_OBJC_ISA_USAGE = YES_ERROR;
				CLANG_WARN_DOCUMENTATION_COMMENTS = YES;
				CLANG_WARN_EMPTY_BODY = YES;
				CLANG_WARN_ENUM_CONVERSION = YES;
				CLANG_WARN_INFINITE_RECURSION = YES;
				CLANG_WARN_INT_CONVERSION = YES;
				CLANG_WARN_NON_LITERAL_NULL_CONVERSION = YES;
				CLANG_WARN_OBJC_IMPLICIT_RETAIN_SELF = YES;
				CLANG_WARN_OBJC_LITERAL_CONVERSION = YES;
				CLANG_WARN_OBJC_ROOT_CLASS = YES_ERROR;
				CLANG_WARN_RANGE_LOOP_ANALYSIS = YES;
				CLANG_WARN_STRICT_PROTOTYPES = YES;
				CLANG_WARN_SUSPICIOUS_MOVE = YES;
				CLANG_WARN_UNGUARDED_AVAILABILITY = YES_AGGRESSIVE;
				CLANG_WARN_UNREACHABLE_CODE = YES;
				CLANG_WARN__DUPLICATE_METHOD_MATCH = YES;
				COPY_PHASE_STRIP = NO;
				DEBUG_INFORMATION_FORMAT = "dwarf-with-dsym";
				ENABLE_NS_ASSERTIONS = NO;
				ENABLE_STRICT_OBJC_MSGSEND = YES;
				GCC_C_LANGUAGE_STANDARD = gnu11;
				GCC_NO_COMMON_BLOCKS = YES;
				GCC_WARN_64_TO_32_BIT_CONVERSION = YES;
				GCC_WARN_ABOUT_RETURN_TYPE = YES_ERROR;
				GCC_WARN_UNDECLARED_SELECTOR = YES;
				GCC_WARN_UNINITIALIZED_AUTOS = YES_AGGRESSIVE;
				GCC_WARN_UNUSED_FUNCTION = YES;
				GCC_WARN_UNUSED_VARIABLE = YES;
				IPHONEOS_DEPLOYMENT_TARGET = 13.0;
				MTL_ENABLE_DEBUG_INFO = NO;
				MTL_FAST_MATH = YES;
				SDKROOT = iphoneos;
				SWIFT_COMPILATION_MODE = wholemodule;
				SWIFT_OPTIMIZATION_LEVEL = "-O";
				VALIDATE_PRODUCT = YES;
			};
			name = Release;
		};
		4FAC0A8523F7F48700B1FB76 /* Debug */ = {
			isa = XCBuildConfiguration;
			buildSettings = {
				ASSETCATALOG_COMPILER_APPICON_NAME = AppIcon;
				CODE_SIGN_STYLE = Automatic;
				DEVELOPMENT_TEAM = J48Y9TAH25;
				GCC_TREAT_WARNINGS_AS_ERRORS = YES;
				INFOPLIST_FILE = "$(PROJECT_NAME)/source/SupportFiles/Info.plist";
				LD_RUNPATH_SEARCH_PATHS = (
					"$(inherited)",
					"@executable_path/Frameworks",
				);
				MARKETING_VERSION = 1.0.0;
				PRODUCT_BUNDLE_IDENTIFIER = com.yahoo.boyankov.CharacterXplorer;
				PRODUCT_NAME = "$(TARGET_NAME)";
				SWIFT_TREAT_WARNINGS_AS_ERRORS = YES;
				SWIFT_VERSION = 5.0;
				TARGETED_DEVICE_FAMILY = "1,2";
			};
			name = Debug;
		};
		4FAC0A8623F7F48700B1FB76 /* Release */ = {
			isa = XCBuildConfiguration;
			buildSettings = {
				ASSETCATALOG_COMPILER_APPICON_NAME = AppIcon;
				CODE_SIGN_STYLE = Automatic;
				DEVELOPMENT_TEAM = J48Y9TAH25;
				GCC_TREAT_WARNINGS_AS_ERRORS = YES;
				INFOPLIST_FILE = "$(PROJECT_NAME)/source/SupportFiles/Info.plist";
				LD_RUNPATH_SEARCH_PATHS = (
					"$(inherited)",
					"@executable_path/Frameworks",
				);
				MARKETING_VERSION = 1.0.0;
				PRODUCT_BUNDLE_IDENTIFIER = com.yahoo.boyankov.CharacterXplorer;
				PRODUCT_NAME = "$(TARGET_NAME)";
				SWIFT_TREAT_WARNINGS_AS_ERRORS = YES;
				SWIFT_VERSION = 5.0;
				TARGETED_DEVICE_FAMILY = "1,2";
			};
			name = Release;
		};
/* End XCBuildConfiguration section */

/* Begin XCConfigurationList section */
		4FAC0A6B23F7F48200B1FB76 /* Build configuration list for PBXProject "CharacterXplorer" */ = {
			isa = XCConfigurationList;
			buildConfigurations = (
				4FAC0A8223F7F48700B1FB76 /* Debug */,
				4FAC0A8323F7F48700B1FB76 /* Release */,
			);
			defaultConfigurationIsVisible = 0;
			defaultConfigurationName = Release;
		};
		4FAC0A8423F7F48700B1FB76 /* Build configuration list for PBXNativeTarget "CharacterXplorer" */ = {
			isa = XCConfigurationList;
			buildConfigurations = (
				4FAC0A8523F7F48700B1FB76 /* Debug */,
				4FAC0A8623F7F48700B1FB76 /* Release */,
			);
			defaultConfigurationIsVisible = 0;
			defaultConfigurationName = Release;
		};
/* End XCConfigurationList section */

/* Begin XCRemoteSwiftPackageReference section */
		4F9C3EBD23F8CDE500F70723 /* XCRemoteSwiftPackageReference "AlamofireImage" */ = {
			isa = XCRemoteSwiftPackageReference;
			repositoryURL = "https://github.com/Alamofire/AlamofireImage";
			requirement = {
				kind = upToNextMajorVersion;
				minimumVersion = 3.6.0;
			};
		};
		4FAC0AA723F8001600B1FB76 /* XCRemoteSwiftPackageReference "SimpleLogger" */ = {
			isa = XCRemoteSwiftPackageReference;
			repositoryURL = "git@github.com:thinkaboutiter/SimpleLogger.git";
			requirement = {
				kind = upToNextMajorVersion;
				minimumVersion = 2.4.1;
			};
		};
/* End XCRemoteSwiftPackageReference section */

/* Begin XCSwiftPackageProductDependency section */
		4F9C3EBE23F8CDE500F70723 /* AlamofireImage */ = {
			isa = XCSwiftPackageProductDependency;
			package = 4F9C3EBD23F8CDE500F70723 /* XCRemoteSwiftPackageReference "AlamofireImage" */;
			productName = AlamofireImage;
		};
		4FAC0AA823F8001600B1FB76 /* SimpleLogger */ = {
			isa = XCSwiftPackageProductDependency;
			package = 4FAC0AA723F8001600B1FB76 /* XCRemoteSwiftPackageReference "SimpleLogger" */;
			productName = SimpleLogger;
		};
/* End XCSwiftPackageProductDependency section */
	};
	rootObject = 4FAC0A6823F7F48200B1FB76 /* Project object */;
}
